
Microsoft Visual Studio Solution File, Format Version 12.00
# Visual Studio Version 16
VisualStudioVersion = 16.0.29905.134
MinimumVisualStudioVersion = 10.0.40219.1
Project("{FAE04EC0-301F-11D3-BF4B-00C04F79EFBC}") = "Coding", "Coding\Coding.csproj", "{47333509-B725-463D-BF5E-D64B352F965B}"
EndProject
Global
	GlobalSection(SolutionConfigurationPlatforms) = preSolution
		Debug|Any CPU = Debug|Any CPU
		Release|Any CPU = Release|Any CPU
	EndGlobalSection
	GlobalSection(ProjectConfigurationPlatforms) = postSolution
		{47333509-B725-463D-BF5E-D64B352F965B}.Debug|Any CPU.ActiveCfg = Debug|Any CPU
		{47333509-B725-463D-BF5E-D64B352F965B}.Debug|Any CPU.Build.0 = Debug|Any CPU
		{47333509-B725-463D-BF5E-D64B352F965B}.Release|Any CPU.ActiveCfg = Release|Any CPU
		{47333509-B725-463D-BF5E-D64B352F965B}.Release|Any CPU.Build.0 = Release|Any CPU
	EndGlobalSection
	GlobalSection(SolutionProperties) = preSolution
		HideSolutionNode = FALSE
	EndGlobalSection
	GlobalSection(ExtensibilityGlobals) = postSolution
		SolutionGuid = {57B0B91E-0550-4686-9C8C-1E848D05A2B5}
	EndGlobalSection
EndGlobal
